
Microsoft Visual Studio Solution File, Format Version 12.00
# Visual Studio 15
VisualStudioVersion = 15.0.27428.2015
MinimumVisualStudioVersion = 10.0.40219.1
Project("{FAE04EC0-301F-11D3-BF4B-00C04F79EFBC}") = "NorwichCQRSCore.Core", "NorwichCQRSCore.Core\NorwichCQRSCore.Core.csproj", "{A4A69316-F837-4E79-8E3A-834FA7C669EE}"
EndProject
Project("{FAE04EC0-301F-11D3-BF4B-00C04F79EFBC}") = "NorwichCQRSCore.Infrastructure", "NorwichCQRSCore.Infrastructure\NorwichCQRSCore.Infrastructure.csproj", "{681EC0BA-642B-45BF-B9FE-44B84839E1AA}"
EndProject
Project("{FAE04EC0-301F-11D3-BF4B-00C04F79EFBC}") = "NorewichCQRSCore.Tests", "NorewichCQRSCore.Tests\NorewichCQRSCore.Tests.csproj", "{2DEFCCB8-F622-4625-8534-93E97C9FADE4}"
EndProject
Global
	GlobalSection(SolutionConfigurationPlatforms) = preSolution
		Debug|Any CPU = Debug|Any CPU
		Release|Any CPU = Release|Any CPU
	EndGlobalSection
	GlobalSection(ProjectConfigurationPlatforms) = postSolution
		{A4A69316-F837-4E79-8E3A-834FA7C669EE}.Debug|Any CPU.ActiveCfg = Debug|Any CPU
		{A4A69316-F837-4E79-8E3A-834FA7C669EE}.Debug|Any CPU.Build.0 = Debug|Any CPU
		{A4A69316-F837-4E79-8E3A-834FA7C669EE}.Release|Any CPU.ActiveCfg = Release|Any CPU
		{A4A69316-F837-4E79-8E3A-834FA7C669EE}.Release|Any CPU.Build.0 = Release|Any CPU
		{681EC0BA-642B-45BF-B9FE-44B84839E1AA}.Debug|Any CPU.ActiveCfg = Debug|Any CPU
		{681EC0BA-642B-45BF-B9FE-44B84839E1AA}.Debug|Any CPU.Build.0 = Debug|Any CPU
		{681EC0BA-642B-45BF-B9FE-44B84839E1AA}.Release|Any CPU.ActiveCfg = Release|Any CPU
		{681EC0BA-642B-45BF-B9FE-44B84839E1AA}.Release|Any CPU.Build.0 = Release|Any CPU
		{2DEFCCB8-F622-4625-8534-93E97C9FADE4}.Debug|Any CPU.ActiveCfg = Debug|Any CPU
		{2DEFCCB8-F622-4625-8534-93E97C9FADE4}.Debug|Any CPU.Build.0 = Debug|Any CPU
		{2DEFCCB8-F622-4625-8534-93E97C9FADE4}.Release|Any CPU.ActiveCfg = Release|Any CPU
		{2DEFCCB8-F622-4625-8534-93E97C9FADE4}.Release|Any CPU.Build.0 = Release|Any CPU
	EndGlobalSection
	GlobalSection(SolutionProperties) = preSolution
		HideSolutionNode = FALSE
	EndGlobalSection
	GlobalSection(ExtensibilityGlobals) = postSolution
		SolutionGuid = {95F35F94-B0F1-4F88-88B6-F137050E52BA}
	EndGlobalSection
EndGlobal
